{
  "name": "pdfjs-example",
  "version": "1.0.0",
  "lockfileVersion": 2,
  "requires": true,
  "packages": {
    "": {
      "version": "1.0.0",
      "license": "ISC",
      "dependencies": {
        "pdfjs-dist": "^2.7.570"
      },
      "devDependencies": {}
    },
    "node_modules/pdfjs-dist": {
      "version": "2.7.570",
      "resolved": "https://registry.npmjs.org/pdfjs-dist/-/pdfjs-dist-2.7.570.tgz",
      "integrity": "sha512-/ZkA1FwkEOyDaq11JhMLazdwQAA0F9uwrP7h/1L9Akt9KWh1G5/tkzS+bPuUELq2s2GDFnaT+kooN/aSjT7DXQ=="
    }
  },
  "dependencies": {
    "pdfjs-dist": {
      "version": "2.7.570",
      "resolved": "https://registry.npmjs.org/pdfjs-dist/-/pdfjs-dist-2.7.570.tgz",
      "integrity": "sha512-/ZkA1FwkEOyDaq11JhMLazdwQAA0F9uwrP7h/1L9Akt9KWh1G5/tkzS+bPuUELq2s2GDFnaT+kooN/aSjT7DXQ=="
    }
  }
}
